
Microsoft Visual Studio Solution File, Format Version 12.00
# Visual Studio Version 17
VisualStudioVersion = 17.9.34728.123
MinimumVisualStudioVersion = 10.0.40219.1
Project("{2150E333-8FDC-42A3-9474-1A3956D46DE8}") = "mods", "mods", "{1B550199-F80F-4594-81AD-8944CC94ECA9}"
EndProject
Project("{2150E333-8FDC-42A3-9474-1A3956D46DE8}") = "TrackingStationFolders", "TrackingStationFolders", "{F2416277-DF6A-40FC-8C8F-C470EDEB16FB}"
EndProject
Project("{FAE04EC0-301F-11D3-BF4B-00C04F79EFBC}") = "TrackingStationFolders", "mods\TrackingStationFolders\TrackingStationFolders.csproj", "{09B317BC-48C9-455B-A0DB-67C1498BCD42}"
EndProject
Project("{9A19103F-16F7-4668-BE54-9A1E7A4F7556}") = "KerbalModDevelopment", "KerbalModDevelopment\KerbalModDevelopment.csproj", "{0A052BFD-144E-49E4-953A-F3560FD365A0}"
EndProject
Project("{2150E333-8FDC-42A3-9474-1A3956D46DE8}") = "ClickThroughBlocker", "ClickThroughBlocker", "{27B42534-DED0-401F-9728-E8A7037D3D69}"
EndProject
Project("{FAE04EC0-301F-11D3-BF4B-00C04F79EFBC}") = "ClickThroughBlocker", "mods\ClickThroughBlocker\ClickThroughBlocker\ClickThroughBlocker.csproj", "{98F60AB0-2D4D-479D-A77D-B2555934D443}"
EndProject
Project("{2150E333-8FDC-42A3-9474-1A3956D46DE8}") = "ToolbarControl", "ToolbarControl", "{C3976BDC-7AD6-4376-9A07-5AB8F95171BB}"
EndProject
Project("{FAE04EC0-301F-11D3-BF4B-00C04F79EFBC}") = "ToolbarControl", "mods\ToolbarControl\ToolbarControl\ToolbarControl.csproj", "{B146B9F2-61CB-4E43-BF7C-8737448116AE}"
EndProject
Global
	GlobalSection(SolutionConfigurationPlatforms) = preSolution
		Debug|Any CPU = Debug|Any CPU
		Dummy|Any CPU = Dummy|Any CPU
		Release, dummy|Any CPU = Release, dummy|Any CPU
		Release|Any CPU = Release|Any CPU
	EndGlobalSection
	GlobalSection(ProjectConfigurationPlatforms) = postSolution
		{09B317BC-48C9-455B-A0DB-67C1498BCD42}.Debug|Any CPU.ActiveCfg = Debug|Any CPU
		{09B317BC-48C9-455B-A0DB-67C1498BCD42}.Debug|Any CPU.Build.0 = Debug|Any CPU
		{09B317BC-48C9-455B-A0DB-67C1498BCD42}.Dummy|Any CPU.ActiveCfg = Debug|Any CPU
		{09B317BC-48C9-455B-A0DB-67C1498BCD42}.Dummy|Any CPU.Build.0 = Debug|Any CPU
		{09B317BC-48C9-455B-A0DB-67C1498BCD42}.Release, dummy|Any CPU.ActiveCfg = Release|Any CPU
		{09B317BC-48C9-455B-A0DB-67C1498BCD42}.Release, dummy|Any CPU.Build.0 = Release|Any CPU
		{09B317BC-48C9-455B-A0DB-67C1498BCD42}.Release|Any CPU.ActiveCfg = Release|Any CPU
		{09B317BC-48C9-455B-A0DB-67C1498BCD42}.Release|Any CPU.Build.0 = Release|Any CPU
		{0A052BFD-144E-49E4-953A-F3560FD365A0}.Debug|Any CPU.ActiveCfg = Debug|Any CPU
		{0A052BFD-144E-49E4-953A-F3560FD365A0}.Debug|Any CPU.Build.0 = Debug|Any CPU
		{0A052BFD-144E-49E4-953A-F3560FD365A0}.Dummy|Any CPU.ActiveCfg = Debug|Any CPU
		{0A052BFD-144E-49E4-953A-F3560FD365A0}.Dummy|Any CPU.Build.0 = Debug|Any CPU
		{0A052BFD-144E-49E4-953A-F3560FD365A0}.Release, dummy|Any CPU.ActiveCfg = Release|Any CPU
		{0A052BFD-144E-49E4-953A-F3560FD365A0}.Release, dummy|Any CPU.Build.0 = Release|Any CPU
		{0A052BFD-144E-49E4-953A-F3560FD365A0}.Release|Any CPU.ActiveCfg = Release|Any CPU
		{0A052BFD-144E-49E4-953A-F3560FD365A0}.Release|Any CPU.Build.0 = Release|Any CPU
		{98F60AB0-2D4D-479D-A77D-B2555934D443}.Debug|Any CPU.ActiveCfg = Debug|Any CPU
		{98F60AB0-2D4D-479D-A77D-B2555934D443}.Debug|Any CPU.Build.0 = Debug|Any CPU
		{98F60AB0-2D4D-479D-A77D-B2555934D443}.Dummy|Any CPU.ActiveCfg = Dummy|Any CPU
		{98F60AB0-2D4D-479D-A77D-B2555934D443}.Dummy|Any CPU.Build.0 = Dummy|Any CPU
		{98F60AB0-2D4D-479D-A77D-B2555934D443}.Release, dummy|Any CPU.ActiveCfg = Release, dummy|Any CPU
		{98F60AB0-2D4D-479D-A77D-B2555934D443}.Release, dummy|Any CPU.Build.0 = Release, dummy|Any CPU
		{98F60AB0-2D4D-479D-A77D-B2555934D443}.Release|Any CPU.ActiveCfg = Release|Any CPU
		{98F60AB0-2D4D-479D-A77D-B2555934D443}.Release|Any CPU.Build.0 = Release|Any CPU
		{B146B9F2-61CB-4E43-BF7C-8737448116AE}.Debug|Any CPU.ActiveCfg = Debug|Any CPU
		{B146B9F2-61CB-4E43-BF7C-8737448116AE}.Debug|Any CPU.Build.0 = Debug|Any CPU
		{B146B9F2-61CB-4E43-BF7C-8737448116AE}.Dummy|Any CPU.ActiveCfg = Debug|Any CPU
		{B146B9F2-61CB-4E43-BF7C-8737448116AE}.Dummy|Any CPU.Build.0 = Debug|Any CPU
		{B146B9F2-61CB-4E43-BF7C-8737448116AE}.Release, dummy|Any CPU.ActiveCfg = Release|Any CPU
		{B146B9F2-61CB-4E43-BF7C-8737448116AE}.Release, dummy|Any CPU.Build.0 = Release|Any CPU
		{B146B9F2-61CB-4E43-BF7C-8737448116AE}.Release|Any CPU.ActiveCfg = Release|Any CPU
		{B146B9F2-61CB-4E43-BF7C-8737448116AE}.Release|Any CPU.Build.0 = Release|Any CPU
	EndGlobalSection
	GlobalSection(SolutionProperties) = preSolution
		HideSolutionNode = FALSE
	EndGlobalSection
	GlobalSection(NestedProjects) = preSolution
		{F2416277-DF6A-40FC-8C8F-C470EDEB16FB} = {1B550199-F80F-4594-81AD-8944CC94ECA9}
		{09B317BC-48C9-455B-A0DB-67C1498BCD42} = {F2416277-DF6A-40FC-8C8F-C470EDEB16FB}
		{27B42534-DED0-401F-9728-E8A7037D3D69} = {1B550199-F80F-4594-81AD-8944CC94ECA9}
		{98F60AB0-2D4D-479D-A77D-B2555934D443} = {27B42534-DED0-401F-9728-E8A7037D3D69}
		{C3976BDC-7AD6-4376-9A07-5AB8F95171BB} = {1B550199-F80F-4594-81AD-8944CC94ECA9}
		{B146B9F2-61CB-4E43-BF7C-8737448116AE} = {C3976BDC-7AD6-4376-9A07-5AB8F95171BB}
	EndGlobalSection
	GlobalSection(ExtensibilityGlobals) = postSolution
		SolutionGuid = {6704F4CD-5825-4A2E-81AC-92801FE8E40E}
	EndGlobalSection
EndGlobal
